
Microsoft Visual Studio Solution File, Format Version 12.00
# Visual Studio Version 17
VisualStudioVersion = 17.14.36327.8 d17.14
MinimumVisualStudioVersion = 10.0.40219.1
Project("{FAE04EC0-301F-11D3-BF4B-00C04F79EFBC}") = "JunctionXUber2", "JunctionXUber2\JunctionXUber2.csproj", "{3D6B8762-2A49-48B4-A67E-28820744E011}"
EndProject
Global
	GlobalSection(SolutionConfigurationPlatforms) = preSolution
		Debug|Any CPU = Debug|Any CPU
		Release|Any CPU = Release|Any CPU
	EndGlobalSection
	GlobalSection(ProjectConfigurationPlatforms) = postSolution
		{3D6B8762-2A49-48B4-A67E-28820744E011}.Debug|Any CPU.ActiveCfg = Debug|Any CPU
		{3D6B8762-2A49-48B4-A67E-28820744E011}.Debug|Any CPU.Build.0 = Debug|Any CPU
		{3D6B8762-2A49-48B4-A67E-28820744E011}.Release|Any CPU.ActiveCfg = Release|Any CPU
		{3D6B8762-2A49-48B4-A67E-28820744E011}.Release|Any CPU.Build.0 = Release|Any CPU
	EndGlobalSection
	GlobalSection(SolutionProperties) = preSolution
		HideSolutionNode = FALSE
	EndGlobalSection
	GlobalSection(ExtensibilityGlobals) = postSolution
		SolutionGuid = {BE578E43-95E4-409E-88C0-6F0AB8B0C272}
	EndGlobalSection
EndGlobal
